// !$*UTF8*$!
{
	archiveVersion = 1;
	classes = {
	};
	objectVersion = 55;
	objects = {

/* Begin PBXBuildFile section */
		4C0CEF48290646870092FE3A /* Place.swift in Sources */ = {isa = PBXBuildFile; fileRef = 4C0CEF47290646860092FE3A /* Place.swift */; };
		4C7F15E928F89AF10021495A /* UIViewExtension.swift in Sources */ = {isa = PBXBuildFile; fileRef = 4C7F15E828F89AF10021495A /* UIViewExtension.swift */; };
		4C7F15EB28F8A60F0021495A /* UILabelExtension.swift in Sources */ = {isa = PBXBuildFile; fileRef = 4C7F15EA28F8A60F0021495A /* UILabelExtension.swift */; };
		4C7F15ED28F8A84D0021495A /* UITextFieldExtension.swift in Sources */ = {isa = PBXBuildFile; fileRef = 4C7F15EC28F8A84D0021495A /* UITextFieldExtension.swift */; };
		4C7F15EF28F8A91D0021495A /* UIButtonExtension.swift in Sources */ = {isa = PBXBuildFile; fileRef = 4C7F15EE28F8A91D0021495A /* UIButtonExtension.swift */; };
		4C7F15F128F8A9B40021495A /* UINavigationControllerExtension.swift in Sources */ = {isa = PBXBuildFile; fileRef = 4C7F15F028F8A9B40021495A /* UINavigationControllerExtension.swift */; };
		4C7F15F528F8B0D40021495A /* CustomAlert.storyboard in Resources */ = {isa = PBXBuildFile; fileRef = 4C7F15F428F8B0D40021495A /* CustomAlert.storyboard */; };
		4C7F15F728F8B0EE0021495A /* CustomAlertViewController.swift in Sources */ = {isa = PBXBuildFile; fileRef = 4C7F15F628F8B0EE0021495A /* CustomAlertViewController.swift */; };
		4C7F15FD28F8D4740021495A /* CustomAlertInfo.swift in Sources */ = {isa = PBXBuildFile; fileRef = 4C7F15FC28F8D4730021495A /* CustomAlertInfo.swift */; };
		4C7F160128F90C240021495A /* CustomTextField.xib in Resources */ = {isa = PBXBuildFile; fileRef = 4C7F160028F90C240021495A /* CustomTextField.xib */; };
		4C7F160328F90F4D0021495A /* CustomTextField.swift in Sources */ = {isa = PBXBuildFile; fileRef = 4C7F160228F90F4D0021495A /* CustomTextField.swift */; };
		4C8BD77E28F88C5600ADDC75 /* AppDelegate.swift in Sources */ = {isa = PBXBuildFile; fileRef = 4C8BD77D28F88C5600ADDC75 /* AppDelegate.swift */; };
		4C8BD78028F88C5600ADDC75 /* SceneDelegate.swift in Sources */ = {isa = PBXBuildFile; fileRef = 4C8BD77F28F88C5600ADDC75 /* SceneDelegate.swift */; };
		4C8BD78228F88C5600ADDC75 /* ViewController.swift in Sources */ = {isa = PBXBuildFile; fileRef = 4C8BD78128F88C5600ADDC75 /* ViewController.swift */; };
		4C8BD78728F88C5900ADDC75 /* Assets.xcassets in Resources */ = {isa = PBXBuildFile; fileRef = 4C8BD78628F88C5900ADDC75 /* Assets.xcassets */; };
		4C8BD78A28F88C5900ADDC75 /* LaunchScreen.storyboard in Resources */ = {isa = PBXBuildFile; fileRef = 4C8BD78828F88C5900ADDC75 /* LaunchScreen.storyboard */; };
		4C8BD79428F88D4F00ADDC75 /* UIColorExtension.swift in Sources */ = {isa = PBXBuildFile; fileRef = 4C8BD79328F88D4F00ADDC75 /* UIColorExtension.swift */; };
		4C8BD79628F88DEB00ADDC75 /* UIViewControllerExtension.swift in Sources */ = {isa = PBXBuildFile; fileRef = 4C8BD79528F88DEB00ADDC75 /* UIViewControllerExtension.swift */; };
		4C9E40542912FDDE003633BD /* LoginViewController.swift in Sources */ = {isa = PBXBuildFile; fileRef = 4C9E40532912FDDE003633BD /* LoginViewController.swift */; };
		4CA891142901CC740054EB46 /* PrimaryButton.xib in Resources */ = {isa = PBXBuildFile; fileRef = 4CA891132901CC740054EB46 /* PrimaryButton.xib */; };
		4CA891162901CC8A0054EB46 /* PrimaryButton.swift in Sources */ = {isa = PBXBuildFile; fileRef = 4CA891152901CC8A0054EB46 /* PrimaryButton.swift */; };
		4CBF7F1929101E25003E581F /* UIConstants.swift in Sources */ = {isa = PBXBuildFile; fileRef = 4CBF7F1829101E25003E581F /* UIConstants.swift */; };
		4CDAFEC72911F19100660CE6 /* CustomCheckbox.xib in Resources */ = {isa = PBXBuildFile; fileRef = 4CDAFEC62911F19100660CE6 /* CustomCheckbox.xib */; };
		4CDAFEC92911F57800660CE6 /* CustomCheckbox.swift in Sources */ = {isa = PBXBuildFile; fileRef = 4CDAFEC82911F57800660CE6 /* CustomCheckbox.swift */; };
		4CDAFECB291226EB00660CE6 /* GoogleService-Info.plist in Resources */ = {isa = PBXBuildFile; fileRef = 4CDAFECA291226EB00660CE6 /* GoogleService-Info.plist */; };
		4CDAFECE2912291C00660CE6 /* Login2ViewController.swift in Sources */ = {isa = PBXBuildFile; fileRef = 4CDAFECD2912291C00660CE6 /* Login2ViewController.swift */; };
		4CE442F428F910A800FC1164 /* Main.storyboard in Resources */ = {isa = PBXBuildFile; fileRef = 4CE442F328F910A800FC1164 /* Main.storyboard */; };
		4CE442F628F9147D00FC1164 /* TooltipTextField.xib in Resources */ = {isa = PBXBuildFile; fileRef = 4CE442F528F9147D00FC1164 /* TooltipTextField.xib */; };
		4CE442F828F9169B00FC1164 /* TooltipTextField.swift in Sources */ = {isa = PBXBuildFile; fileRef = 4CE442F728F9169B00FC1164 /* TooltipTextField.swift */; };
		A13E5C2B0D0C65E0D5A14312 /* Pods_Swift_2AllForOne.framework in Frameworks */ = {isa = PBXBuildFile; fileRef = BD96A34C02D5F31304FCF7E5 /* Pods_Swift_2AllForOne.framework */; };
/* End PBXBuildFile section */

/* Begin PBXFileReference section */
		1AB0248E5A00FEA036187A6A /* Pods-Swift-2AllForOne.release.xcconfig */ = {isa = PBXFileReference; includeInIndex = 1; lastKnownFileType = text.xcconfig; name = "Pods-Swift-2AllForOne.release.xcconfig"; path = "Target Support Files/Pods-Swift-2AllForOne/Pods-Swift-2AllForOne.release.xcconfig"; sourceTree = "<group>"; };
		3ED10344E885342C649348C4 /* Pods-Swift-2AllForOne.debug.xcconfig */ = {isa = PBXFileReference; includeInIndex = 1; lastKnownFileType = text.xcconfig; name = "Pods-Swift-2AllForOne.debug.xcconfig"; path = "Target Support Files/Pods-Swift-2AllForOne/Pods-Swift-2AllForOne.debug.xcconfig"; sourceTree = "<group>"; };
		4C0CEF47290646860092FE3A /* Place.swift */ = {isa = PBXFileReference; lastKnownFileType = sourcecode.swift; path = Place.swift; sourceTree = "<group>"; };
		4C7F15E828F89AF10021495A /* UIViewExtension.swift */ = {isa = PBXFileReference; lastKnownFileType = sourcecode.swift; path = UIViewExtension.swift; sourceTree = "<group>"; };
		4C7F15EA28F8A60F0021495A /* UILabelExtension.swift */ = {isa = PBXFileReference; lastKnownFileType = sourcecode.swift; path = UILabelExtension.swift; sourceTree = "<group>"; };
		4C7F15EC28F8A84D0021495A /* UITextFieldExtension.swift */ = {isa = PBXFileReference; lastKnownFileType = sourcecode.swift; path = UITextFieldExtension.swift; sourceTree = "<group>"; };
		4C7F15EE28F8A91D0021495A /* UIButtonExtension.swift */ = {isa = PBXFileReference; lastKnownFileType = sourcecode.swift; path = UIButtonExtension.swift; sourceTree = "<group>"; };
		4C7F15F028F8A9B40021495A /* UINavigationControllerExtension.swift */ = {isa = PBXFileReference; lastKnownFileType = sourcecode.swift; path = UINavigationControllerExtension.swift; sourceTree = "<group>"; };
		4C7F15F428F8B0D40021495A /* CustomAlert.storyboard */ = {isa = PBXFileReference; lastKnownFileType = file.storyboard; path = CustomAlert.storyboard; sourceTree = "<group>"; };
		4C7F15F628F8B0EE0021495A /* CustomAlertViewController.swift */ = {isa = PBXFileReference; lastKnownFileType = sourcecode.swift; path = CustomAlertViewController.swift; sourceTree = "<group>"; };
		4C7F15FC28F8D4730021495A /* CustomAlertInfo.swift */ = {isa = PBXFileReference; lastKnownFileType = sourcecode.swift; path = CustomAlertInfo.swift; sourceTree = "<group>"; };
		4C7F160028F90C240021495A /* CustomTextField.xib */ = {isa = PBXFileReference; lastKnownFileType = file.xib; path = CustomTextField.xib; sourceTree = "<group>"; };
		4C7F160228F90F4D0021495A /* CustomTextField.swift */ = {isa = PBXFileReference; lastKnownFileType = sourcecode.swift; path = CustomTextField.swift; sourceTree = "<group>"; };
		4C8BD77A28F88C5600ADDC75 /* Swift-2AllForOne.app */ = {isa = PBXFileReference; explicitFileType = wrapper.application; includeInIndex = 0; path = "Swift-2AllForOne.app"; sourceTree = BUILT_PRODUCTS_DIR; };
		4C8BD77D28F88C5600ADDC75 /* AppDelegate.swift */ = {isa = PBXFileReference; lastKnownFileType = sourcecode.swift; path = AppDelegate.swift; sourceTree = "<group>"; };
		4C8BD77F28F88C5600ADDC75 /* SceneDelegate.swift */ = {isa = PBXFileReference; lastKnownFileType = sourcecode.swift; path = SceneDelegate.swift; sourceTree = "<group>"; };
		4C8BD78128F88C5600ADDC75 /* ViewController.swift */ = {isa = PBXFileReference; lastKnownFileType = sourcecode.swift; path = ViewController.swift; sourceTree = "<group>"; };
		4C8BD78628F88C5900ADDC75 /* Assets.xcassets */ = {isa = PBXFileReference; lastKnownFileType = folder.assetcatalog; path = Assets.xcassets; sourceTree = "<group>"; };
		4C8BD78928F88C5900ADDC75 /* Base */ = {isa = PBXFileReference; lastKnownFileType = file.storyboard; name = Base; path = Base.lproj/LaunchScreen.storyboard; sourceTree = "<group>"; };
		4C8BD78B28F88C5900ADDC75 /* Info.plist */ = {isa = PBXFileReference; lastKnownFileType = text.plist.xml; path = Info.plist; sourceTree = "<group>"; };
		4C8BD79328F88D4F00ADDC75 /* UIColorExtension.swift */ = {isa = PBXFileReference; lastKnownFileType = sourcecode.swift; path = UIColorExtension.swift; sourceTree = "<group>"; };
		4C8BD79528F88DEB00ADDC75 /* UIViewControllerExtension.swift */ = {isa = PBXFileReference; lastKnownFileType = sourcecode.swift; path = UIViewControllerExtension.swift; sourceTree = "<group>"; };
		4C9E40532912FDDE003633BD /* LoginViewController.swift */ = {isa = PBXFileReference; lastKnownFileType = sourcecode.swift; path = LoginViewController.swift; sourceTree = "<group>"; };
		4CA891132901CC740054EB46 /* PrimaryButton.xib */ = {isa = PBXFileReference; lastKnownFileType = file.xib; path = PrimaryButton.xib; sourceTree = "<group>"; };
		4CA891152901CC8A0054EB46 /* PrimaryButton.swift */ = {isa = PBXFileReference; lastKnownFileType = sourcecode.swift; path = PrimaryButton.swift; sourceTree = "<group>"; };
		4CBF7F1829101E25003E581F /* UIConstants.swift */ = {isa = PBXFileReference; lastKnownFileType = sourcecode.swift; path = UIConstants.swift; sourceTree = "<group>"; };
		4CDAFEC62911F19100660CE6 /* CustomCheckbox.xib */ = {isa = PBXFileReference; lastKnownFileType = file.xib; path = CustomCheckbox.xib; sourceTree = "<group>"; };
		4CDAFEC82911F57800660CE6 /* CustomCheckbox.swift */ = {isa = PBXFileReference; lastKnownFileType = sourcecode.swift; path = CustomCheckbox.swift; sourceTree = "<group>"; };
		4CDAFECA291226EB00660CE6 /* GoogleService-Info.plist */ = {isa = PBXFileReference; fileEncoding = 4; lastKnownFileType = text.plist.xml; path = "GoogleService-Info.plist"; sourceTree = "<group>"; };
		4CDAFECD2912291C00660CE6 /* Login2ViewController.swift */ = {isa = PBXFileReference; lastKnownFileType = sourcecode.swift; path = Login2ViewController.swift; sourceTree = "<group>"; };
		4CE442F328F910A800FC1164 /* Main.storyboard */ = {isa = PBXFileReference; lastKnownFileType = file.storyboard; path = Main.storyboard; sourceTree = "<group>"; };
		4CE442F528F9147D00FC1164 /* TooltipTextField.xib */ = {isa = PBXFileReference; lastKnownFileType = file.xib; path = TooltipTextField.xib; sourceTree = "<group>"; };
		4CE442F728F9169B00FC1164 /* TooltipTextField.swift */ = {isa = PBXFileReference; lastKnownFileType = sourcecode.swift; path = TooltipTextField.swift; sourceTree = "<group>"; };
		BD96A34C02D5F31304FCF7E5 /* Pods_Swift_2AllForOne.framework */ = {isa = PBXFileReference; explicitFileType = wrapper.framework; includeInIndex = 0; path = Pods_Swift_2AllForOne.framework; sourceTree = BUILT_PRODUCTS_DIR; };
/* End PBXFileReference section */

/* Begin PBXFrameworksBuildPhase section */
		4C8BD77728F88C5600ADDC75 /* Frameworks */ = {
			isa = PBXFrameworksBuildPhase;
			buildActionMask = 2147483647;
			files = (
				A13E5C2B0D0C65E0D5A14312 /* Pods_Swift_2AllForOne.framework in Frameworks */,
			);
			runOnlyForDeploymentPostprocessing = 0;
		};
/* End PBXFrameworksBuildPhase section */

/* Begin PBXGroup section */
		4C0CEF492906468E0092FE3A /* API */ = {
			isa = PBXGroup;
			children = (
				4C0CEF47290646860092FE3A /* Place.swift */,
			);
			path = API;
			sourceTree = "<group>";
		};
		4C7F15F228F8B0840021495A /* View */ = {
			isa = PBXGroup;
			children = (
				4C7F15F328F8B0890021495A /* Common */,
				4CDAFECC291228ED00660CE6 /* Login */,
			);
			path = View;
			sourceTree = "<group>";
		};
		4C7F15F328F8B0890021495A /* Common */ = {
			isa = PBXGroup;
			children = (
				4C7F15F828F8B4530021495A /* CustomAlert */,
				4C7F15FE28F90B380021495A /* CustomButton */,
				4C7F15FF28F90BB80021495A /* CustomTextField */,
				4CDAFEC52911F14600660CE6 /* CustomCheckbox */,
			);
			path = Common;
			sourceTree = "<group>";
		};
		4C7F15F828F8B4530021495A /* CustomAlert */ = {
			isa = PBXGroup;
			children = (
				4C7F15F428F8B0D40021495A /* CustomAlert.storyboard */,
				4C7F15F628F8B0EE0021495A /* CustomAlertViewController.swift */,
			);
			path = CustomAlert;
			sourceTree = "<group>";
		};
		4C7F15F928F8D43B0021495A /* Modal */ = {
			isa = PBXGroup;
			children = (
				4CBD8F2B290C270A00A1558B /* Backend */,
				4C7F15FA28F8D43F0021495A /* Local */,
				4C0CEF492906468E0092FE3A /* API */,
			);
			path = Modal;
			sourceTree = "<group>";
		};
		4C7F15FA28F8D43F0021495A /* Local */ = {
			isa = PBXGroup;
			children = (
				4C7F15FC28F8D4730021495A /* CustomAlertInfo.swift */,
			);
			path = Local;
			sourceTree = "<group>";
		};
		4C7F15FE28F90B380021495A /* CustomButton */ = {
			isa = PBXGroup;
			children = (
				4CA891132901CC740054EB46 /* PrimaryButton.xib */,
				4CA891152901CC8A0054EB46 /* PrimaryButton.swift */,
			);
			path = CustomButton;
			sourceTree = "<group>";
		};
		4C7F15FF28F90BB80021495A /* CustomTextField */ = {
			isa = PBXGroup;
			children = (
				4C7F160028F90C240021495A /* CustomTextField.xib */,
				4C7F160228F90F4D0021495A /* CustomTextField.swift */,
				4CE442F528F9147D00FC1164 /* TooltipTextField.xib */,
				4CE442F728F9169B00FC1164 /* TooltipTextField.swift */,
			);
			path = CustomTextField;
			sourceTree = "<group>";
		};
		4C8BD77128F88C5600ADDC75 = {
			isa = PBXGroup;
			children = (
				4C8BD77C28F88C5600ADDC75 /* Swift-2AllForOne */,
				4C8BD77B28F88C5600ADDC75 /* Products */,
				B01008FEBDA2513B01226038 /* Pods */,
				B57AFB47CAB7A1C22A6CA05B /* Frameworks */,
			);
			sourceTree = "<group>";
		};
		4C8BD77B28F88C5600ADDC75 /* Products */ = {
			isa = PBXGroup;
			children = (
				4C8BD77A28F88C5600ADDC75 /* Swift-2AllForOne.app */,
			);
			name = Products;
			sourceTree = "<group>";
		};
		4C8BD77C28F88C5600ADDC75 /* Swift-2AllForOne */ = {
			isa = PBXGroup;
			children = (
				4CBD8F2C290C27A500A1558B /* Utils */,
				4C7F15F928F8D43B0021495A /* Modal */,
				4C7F15F228F8B0840021495A /* View */,
				4C8BD79128F88CB300ADDC75 /* Extensions */,
				4C8BD77D28F88C5600ADDC75 /* AppDelegate.swift */,
				4C8BD77F28F88C5600ADDC75 /* SceneDelegate.swift */,
				4C8BD78128F88C5600ADDC75 /* ViewController.swift */,
				4C8BD78628F88C5900ADDC75 /* Assets.xcassets */,
				4CE442F328F910A800FC1164 /* Main.storyboard */,
				4C8BD78828F88C5900ADDC75 /* LaunchScreen.storyboard */,
				4C8BD78B28F88C5900ADDC75 /* Info.plist */,
				4CDAFECA291226EB00660CE6 /* GoogleService-Info.plist */,
			);
			path = "Swift-2AllForOne";
			sourceTree = "<group>";
		};
		4C8BD79128F88CB300ADDC75 /* Extensions */ = {
			isa = PBXGroup;
			children = (
				4C8BD79328F88D4F00ADDC75 /* UIColorExtension.swift */,
				4C7F15E828F89AF10021495A /* UIViewExtension.swift */,
				4C7F15EA28F8A60F0021495A /* UILabelExtension.swift */,
				4C7F15EE28F8A91D0021495A /* UIButtonExtension.swift */,
				4C7F15EC28F8A84D0021495A /* UITextFieldExtension.swift */,
				4C8BD79528F88DEB00ADDC75 /* UIViewControllerExtension.swift */,
				4C7F15F028F8A9B40021495A /* UINavigationControllerExtension.swift */,
			);
			path = Extensions;
			sourceTree = "<group>";
		};
		4CBD8F2B290C270A00A1558B /* Backend */ = {
			isa = PBXGroup;
			children = (
			);
			path = Backend;
			sourceTree = "<group>";
		};
		4CBD8F2C290C27A500A1558B /* Utils */ = {
			isa = PBXGroup;
			children = (
				4CBF7F1829101E25003E581F /* UIConstants.swift */,
			);
			path = Utils;
			sourceTree = "<group>";
		};
		4CDAFEC52911F14600660CE6 /* CustomCheckbox */ = {
			isa = PBXGroup;
			children = (
				4CDAFEC62911F19100660CE6 /* CustomCheckbox.xib */,
				4CDAFEC82911F57800660CE6 /* CustomCheckbox.swift */,
			);
			path = CustomCheckbox;
			sourceTree = "<group>";
		};
		4CDAFECC291228ED00660CE6 /* Login */ = {
			isa = PBXGroup;
			children = (
				4CDAFECD2912291C00660CE6 /* Login2ViewController.swift */,
				4C9E40532912FDDE003633BD /* LoginViewController.swift */,
			);
			path = Login;
			sourceTree = "<group>";
		};
		B01008FEBDA2513B01226038 /* Pods */ = {
			isa = PBXGroup;
			children = (
				3ED10344E885342C649348C4 /* Pods-Swift-2AllForOne.debug.xcconfig */,
				1AB0248E5A00FEA036187A6A /* Pods-Swift-2AllForOne.release.xcconfig */,
			);
			path = Pods;
			sourceTree = "<group>";
		};
		B57AFB47CAB7A1C22A6CA05B /* Frameworks */ = {
			isa = PBXGroup;
			children = (
				BD96A34C02D5F31304FCF7E5 /* Pods_Swift_2AllForOne.framework */,
			);
			name = Frameworks;
			sourceTree = "<group>";
		};
/* End PBXGroup section */

/* Begin PBXNativeTarget section */
		4C8BD77928F88C5600ADDC75 /* Swift-2AllForOne */ = {
			isa = PBXNativeTarget;
			buildConfigurationList = 4C8BD78E28F88C5900ADDC75 /* Build configuration list for PBXNativeTarget "Swift-2AllForOne" */;
			buildPhases = (
				651133828B1D86735CB79990 /* [CP] Check Pods Manifest.lock */,
				4C8BD77628F88C5600ADDC75 /* Sources */,
				4C8BD77728F88C5600ADDC75 /* Frameworks */,
				4C8BD77828F88C5600ADDC75 /* Resources */,
				A4865556B0599CF851315103 /* [CP] Copy Pods Resources */,
				28A25DB6A3F6A06FF0FA5DAE /* [CP] Embed Pods Frameworks */,
			);
			buildRules = (
			);
			dependencies = (
			);
			name = "Swift-2AllForOne";
			productName = "Swift-2AllForOne";
			productReference = 4C8BD77A28F88C5600ADDC75 /* Swift-2AllForOne.app */;
			productType = "com.apple.product-type.application";
		};
/* End PBXNativeTarget section */

/* Begin PBXProject section */
		4C8BD77228F88C5600ADDC75 /* Project object */ = {
			isa = PBXProject;
			attributes = {
				BuildIndependentTargetsInParallel = 1;
				LastSwiftUpdateCheck = 1340;
				LastUpgradeCheck = 1340;
				TargetAttributes = {
					4C8BD77928F88C5600ADDC75 = {
						CreatedOnToolsVersion = 13.4.1;
					};
				};
			};
			buildConfigurationList = 4C8BD77528F88C5600ADDC75 /* Build configuration list for PBXProject "Swift-2AllForOne" */;
			compatibilityVersion = "Xcode 13.0";
			developmentRegion = en;
			hasScannedForEncodings = 0;
			knownRegions = (
				en,
				Base,
			);
			mainGroup = 4C8BD77128F88C5600ADDC75;
			productRefGroup = 4C8BD77B28F88C5600ADDC75 /* Products */;
			projectDirPath = "";
			projectRoot = "";
			targets = (
				4C8BD77928F88C5600ADDC75 /* Swift-2AllForOne */,
			);
		};
/* End PBXProject section */

/* Begin PBXResourcesBuildPhase section */
		4C8BD77828F88C5600ADDC75 /* Resources */ = {
			isa = PBXResourcesBuildPhase;
			buildActionMask = 2147483647;
			files = (
				4CA891142901CC740054EB46 /* PrimaryButton.xib in Resources */,
				4C7F160128F90C240021495A /* CustomTextField.xib in Resources */,
				4CDAFECB291226EB00660CE6 /* GoogleService-Info.plist in Resources */,
				4CE442F428F910A800FC1164 /* Main.storyboard in Resources */,
				4C7F15F528F8B0D40021495A /* CustomAlert.storyboard in Resources */,
				4CE442F628F9147D00FC1164 /* TooltipTextField.xib in Resources */,
				4CDAFEC72911F19100660CE6 /* CustomCheckbox.xib in Resources */,
				4C8BD78A28F88C5900ADDC75 /* LaunchScreen.storyboard in Resources */,
				4C8BD78728F88C5900ADDC75 /* Assets.xcassets in Resources */,
			);
			runOnlyForDeploymentPostprocessing = 0;
		};
/* End PBXResourcesBuildPhase section */

/* Begin PBXShellScriptBuildPhase section */
		28A25DB6A3F6A06FF0FA5DAE /* [CP] Embed Pods Frameworks */ = {
			isa = PBXShellScriptBuildPhase;
			buildActionMask = 2147483647;
			files = (
			);
			inputFileListPaths = (
				"${PODS_ROOT}/Target Support Files/Pods-Swift-2AllForOne/Pods-Swift-2AllForOne-frameworks-${CONFIGURATION}-input-files.xcfilelist",
			);
			name = "[CP] Embed Pods Frameworks";
			outputFileListPaths = (
				"${PODS_ROOT}/Target Support Files/Pods-Swift-2AllForOne/Pods-Swift-2AllForOne-frameworks-${CONFIGURATION}-output-files.xcfilelist",
			);
			runOnlyForDeploymentPostprocessing = 0;
			shellPath = /bin/sh;
			shellScript = "\"${PODS_ROOT}/Target Support Files/Pods-Swift-2AllForOne/Pods-Swift-2AllForOne-frameworks.sh\"\n";
			showEnvVarsInLog = 0;
		};
		651133828B1D86735CB79990 /* [CP] Check Pods Manifest.lock */ = {
			isa = PBXShellScriptBuildPhase;
			buildActionMask = 2147483647;
			files = (
			);
			inputFileListPaths = (
			);
			inputPaths = (
				"${PODS_PODFILE_DIR_PATH}/Podfile.lock",
				"${PODS_ROOT}/Manifest.lock",
			);
			name = "[CP] Check Pods Manifest.lock";
			outputFileListPaths = (
			);
			outputPaths = (
				"$(DERIVED_FILE_DIR)/Pods-Swift-2AllForOne-checkManifestLockResult.txt",
			);
			runOnlyForDeploymentPostprocessing = 0;
			shellPath = /bin/sh;
			shellScript = "diff \"${PODS_PODFILE_DIR_PATH}/Podfile.lock\" \"${PODS_ROOT}/Manifest.lock\" > /dev/null\nif [ $? != 0 ] ; then\n    # print error to STDERR\n    echo \"error: The sandbox is not in sync with the Podfile.lock. Run 'pod install' or update your CocoaPods installation.\" >&2\n    exit 1\nfi\n# This output is used by Xcode 'outputs' to avoid re-running this script phase.\necho \"SUCCESS\" > \"${SCRIPT_OUTPUT_FILE_0}\"\n";
			showEnvVarsInLog = 0;
		};
		A4865556B0599CF851315103 /* [CP] Copy Pods Resources */ = {
			isa = PBXShellScriptBuildPhase;
			buildActionMask = 2147483647;
			files = (
			);
			inputFileListPaths = (
				"${PODS_ROOT}/Target Support Files/Pods-Swift-2AllForOne/Pods-Swift-2AllForOne-resources-${CONFIGURATION}-input-files.xcfilelist",
			);
			name = "[CP] Copy Pods Resources";
			outputFileListPaths = (
				"${PODS_ROOT}/Target Support Files/Pods-Swift-2AllForOne/Pods-Swift-2AllForOne-resources-${CONFIGURATION}-output-files.xcfilelist",
			);
			runOnlyForDeploymentPostprocessing = 0;
			shellPath = /bin/sh;
			shellScript = "\"${PODS_ROOT}/Target Support Files/Pods-Swift-2AllForOne/Pods-Swift-2AllForOne-resources.sh\"\n";
			showEnvVarsInLog = 0;
		};
/* End PBXShellScriptBuildPhase section */

/* Begin PBXSourcesBuildPhase section */
		4C8BD77628F88C5600ADDC75 /* Sources */ = {
			isa = PBXSourcesBuildPhase;
			buildActionMask = 2147483647;
			files = (
				4C7F15E928F89AF10021495A /* UIViewExtension.swift in Sources */,
				4C7F15ED28F8A84D0021495A /* UITextFieldExtension.swift in Sources */,
				4C7F160328F90F4D0021495A /* CustomTextField.swift in Sources */,
				4C0CEF48290646870092FE3A /* Place.swift in Sources */,
				4CDAFECE2912291C00660CE6 /* Login2ViewController.swift in Sources */,
				4CE442F828F9169B00FC1164 /* TooltipTextField.swift in Sources */,
				4C8BD78228F88C5600ADDC75 /* ViewController.swift in Sources */,
				4C7F15FD28F8D4740021495A /* CustomAlertInfo.swift in Sources */,
				4C9E40542912FDDE003633BD /* LoginViewController.swift in Sources */,
				4C8BD77E28F88C5600ADDC75 /* AppDelegate.swift in Sources */,
				4CBF7F1929101E25003E581F /* UIConstants.swift in Sources */,
				4C8BD79628F88DEB00ADDC75 /* UIViewControllerExtension.swift in Sources */,
				4C7F15F128F8A9B40021495A /* UINavigationControllerExtension.swift in Sources */,
				4C7F15EF28F8A91D0021495A /* UIButtonExtension.swift in Sources */,
				4C7F15EB28F8A60F0021495A /* UILabelExtension.swift in Sources */,
				4C7F15F728F8B0EE0021495A /* CustomAlertViewController.swift in Sources */,
				4CA891162901CC8A0054EB46 /* PrimaryButton.swift in Sources */,
				4C8BD78028F88C5600ADDC75 /* SceneDelegate.swift in Sources */,
				4C8BD79428F88D4F00ADDC75 /* UIColorExtension.swift in Sources */,
				4CDAFEC92911F57800660CE6 /* CustomCheckbox.swift in Sources */,
			);
			runOnlyForDeploymentPostprocessing = 0;
		};
/* End PBXSourcesBuildPhase section */

/* Begin PBXVariantGroup section */
		4C8BD78828F88C5900ADDC75 /* LaunchScreen.storyboard */ = {
			isa = PBXVariantGroup;
			children = (
				4C8BD78928F88C5900ADDC75 /* Base */,
			);
			name = LaunchScreen.storyboard;
			sourceTree = "<group>";
		};
/* End PBXVariantGroup section */

/* Begin XCBuildConfiguration section */
		4C8BD78C28F88C5900ADDC75 /* Debug */ = {
			isa = XCBuildConfiguration;
			buildSettings = {
				ALWAYS_SEARCH_USER_PATHS = NO;
				CLANG_ANALYZER_NONNULL = YES;
				CLANG_ANALYZER_NUMBER_OBJECT_CONVERSION = YES_AGGRESSIVE;
				CLANG_CXX_LANGUAGE_STANDARD = "gnu++17";
				CLANG_ENABLE_MODULES = YES;
				CLANG_ENABLE_OBJC_ARC = YES;
				CLANG_ENABLE_OBJC_WEAK = YES;
				CLANG_WARN_BLOCK_CAPTURE_AUTORELEASING = YES;
				CLANG_WARN_BOOL_CONVERSION = YES;
				CLANG_WARN_COMMA = YES;
				CLANG_WARN_CONSTANT_CONVERSION = YES;
				CLANG_WARN_DEPRECATED_OBJC_IMPLEMENTATIONS = YES;
				CLANG_WARN_DIRECT_OBJC_ISA_USAGE = YES_ERROR;
				CLANG_WARN_DOCUMENTATION_COMMENTS = YES;
				CLANG_WARN_EMPTY_BODY = YES;
				CLANG_WARN_ENUM_CONVERSION = YES;
				CLANG_WARN_INFINITE_RECURSION = YES;
				CLANG_WARN_INT_CONVERSION = YES;
				CLANG_WARN_NON_LITERAL_NULL_CONVERSION = YES;
				CLANG_WARN_OBJC_IMPLICIT_RETAIN_SELF = YES;
				CLANG_WARN_OBJC_LITERAL_CONVERSION = YES;
				CLANG_WARN_OBJC_ROOT_CLASS = YES_ERROR;
				CLANG_WARN_QUOTED_INCLUDE_IN_FRAMEWORK_HEADER = YES;
				CLANG_WARN_RANGE_LOOP_ANALYSIS = YES;
				CLANG_WARN_STRICT_PROTOTYPES = YES;
				CLANG_WARN_SUSPICIOUS_MOVE = YES;
				CLANG_WARN_UNGUARDED_AVAILABILITY = YES_AGGRESSIVE;
				CLANG_WARN_UNREACHABLE_CODE = YES;
				CLANG_WARN__DUPLICATE_METHOD_MATCH = YES;
				COPY_PHASE_STRIP = NO;
				DEBUG_INFORMATION_FORMAT = dwarf;
				ENABLE_STRICT_OBJC_MSGSEND = YES;
				ENABLE_TESTABILITY = YES;
				GCC_C_LANGUAGE_STANDARD = gnu11;
				GCC_DYNAMIC_NO_PIC = NO;
				GCC_NO_COMMON_BLOCKS = YES;
				GCC_OPTIMIZATION_LEVEL = 0;
				GCC_PREPROCESSOR_DEFINITIONS = (
					"DEBUG=1",
					"$(inherited)",
				);
				GCC_WARN_64_TO_32_BIT_CONVERSION = YES;
				GCC_WARN_ABOUT_RETURN_TYPE = YES_ERROR;
				GCC_WARN_UNDECLARED_SELECTOR = YES;
				GCC_WARN_UNINITIALIZED_AUTOS = YES_AGGRESSIVE;
				GCC_WARN_UNUSED_FUNCTION = YES;
				GCC_WARN_UNUSED_VARIABLE = YES;
				IPHONEOS_DEPLOYMENT_TARGET = 15.5;
				MTL_ENABLE_DEBUG_INFO = INCLUDE_SOURCE;
				MTL_FAST_MATH = YES;
				ONLY_ACTIVE_ARCH = YES;
				SDKROOT = iphoneos;
				SWIFT_ACTIVE_COMPILATION_CONDITIONS = DEBUG;
				SWIFT_OPTIMIZATION_LEVEL = "-Onone";
			};
			name = Debug;
		};
		4C8BD78D28F88C5900ADDC75 /* Release */ = {
			isa = XCBuildConfiguration;
			buildSettings = {
				ALWAYS_SEARCH_USER_PATHS = NO;
				CLANG_ANALYZER_NONNULL = YES;
				CLANG_ANALYZER_NUMBER_OBJECT_CONVERSION = YES_AGGRESSIVE;
				CLANG_CXX_LANGUAGE_STANDARD = "gnu++17";
				CLANG_ENABLE_MODULES = YES;
				CLANG_ENABLE_OBJC_ARC = YES;
				CLANG_ENABLE_OBJC_WEAK = YES;
				CLANG_WARN_BLOCK_CAPTURE_AUTORELEASING = YES;
				CLANG_WARN_BOOL_CONVERSION = YES;
				CLANG_WARN_COMMA = YES;
				CLANG_WARN_CONSTANT_CONVERSION = YES;
				CLANG_WARN_DEPRECATED_OBJC_IMPLEMENTATIONS = YES;
				CLANG_WARN_DIRECT_OBJC_ISA_USAGE = YES_ERROR;
				CLANG_WARN_DOCUMENTATION_COMMENTS = YES;
				CLANG_WARN_EMPTY_BODY = YES;
				CLANG_WARN_ENUM_CONVERSION = YES;
				CLANG_WARN_INFINITE_RECURSION = YES;
				CLANG_WARN_INT_CONVERSION = YES;
				CLANG_WARN_NON_LITERAL_NULL_CONVERSION = YES;
				CLANG_WARN_OBJC_IMPLICIT_RETAIN_SELF = YES;
				CLANG_WARN_OBJC_LITERAL_CONVERSION = YES;
				CLANG_WARN_OBJC_ROOT_CLASS = YES_ERROR;
				CLANG_WARN_QUOTED_INCLUDE_IN_FRAMEWORK_HEADER = YES;
				CLANG_WARN_RANGE_LOOP_ANALYSIS = YES;
				CLANG_WARN_STRICT_PROTOTYPES = YES;
				CLANG_WARN_SUSPICIOUS_MOVE = YES;
				CLANG_WARN_UNGUARDED_AVAILABILITY = YES_AGGRESSIVE;
				CLANG_WARN_UNREACHABLE_CODE = YES;
				CLANG_WARN__DUPLICATE_METHOD_MATCH = YES;
				COPY_PHASE_STRIP = NO;
				DEBUG_INFORMATION_FORMAT = "dwarf-with-dsym";
				ENABLE_NS_ASSERTIONS = NO;
				ENABLE_STRICT_OBJC_MSGSEND = YES;
				GCC_C_LANGUAGE_STANDARD = gnu11;
				GCC_NO_COMMON_BLOCKS = YES;
				GCC_WARN_64_TO_32_BIT_CONVERSION = YES;
				GCC_WARN_ABOUT_RETURN_TYPE = YES_ERROR;
				GCC_WARN_UNDECLARED_SELECTOR = YES;
				GCC_WARN_UNINITIALIZED_AUTOS = YES_AGGRESSIVE;
				GCC_WARN_UNUSED_FUNCTION = YES;
				GCC_WARN_UNUSED_VARIABLE = YES;
				IPHONEOS_DEPLOYMENT_TARGET = 15.5;
				MTL_ENABLE_DEBUG_INFO = NO;
				MTL_FAST_MATH = YES;
				SDKROOT = iphoneos;
				SWIFT_COMPILATION_MODE = wholemodule;
				SWIFT_OPTIMIZATION_LEVEL = "-O";
				VALIDATE_PRODUCT = YES;
			};
			name = Release;
		};
		4C8BD78F28F88C5900ADDC75 /* Debug */ = {
			isa = XCBuildConfiguration;
			baseConfigurationReference = 3ED10344E885342C649348C4 /* Pods-Swift-2AllForOne.debug.xcconfig */;
			buildSettings = {
				ASSETCATALOG_COMPILER_APPICON_NAME = AppIcon;
				CODE_SIGN_STYLE = Automatic;
				CURRENT_PROJECT_VERSION = 1;
				DEVELOPMENT_TEAM = VN95A477VU;
				GENERATE_INFOPLIST_FILE = YES;
				INFOPLIST_FILE = "Swift-2AllForOne/Info.plist";
				INFOPLIST_KEY_UIApplicationSupportsIndirectInputEvents = YES;
				INFOPLIST_KEY_UILaunchStoryboardName = LaunchScreen;
				INFOPLIST_KEY_UIMainStoryboardFile = Main;
				INFOPLIST_KEY_UISupportedInterfaceOrientations_iPad = "UIInterfaceOrientationPortrait UIInterfaceOrientationPortraitUpsideDown UIInterfaceOrientationLandscapeLeft UIInterfaceOrientationLandscapeRight";
				INFOPLIST_KEY_UISupportedInterfaceOrientations_iPhone = "UIInterfaceOrientationPortrait UIInterfaceOrientationLandscapeLeft UIInterfaceOrientationLandscapeRight";
				LD_RUNPATH_SEARCH_PATHS = (
					"$(inherited)",
					"@executable_path/Frameworks",
				);
				MARKETING_VERSION = 1.0;
				PRODUCT_BUNDLE_IDENTIFIER = "GabrielToroG.Swift-2AllForOne";
				PRODUCT_NAME = "$(TARGET_NAME)";
				SWIFT_EMIT_LOC_STRINGS = YES;
				SWIFT_VERSION = 5.0;
				TARGETED_DEVICE_FAMILY = "1,2";
			};
			name = Debug;
		};
		4C8BD79028F88C5900ADDC75 /* Release */ = {
			isa = XCBuildConfiguration;
			baseConfigurationReference = 1AB0248E5A00FEA036187A6A /* Pods-Swift-2AllForOne.release.xcconfig */;
			buildSettings = {
				ASSETCATALOG_COMPILER_APPICON_NAME = AppIcon;
				CODE_SIGN_STYLE = Automatic;
				CURRENT_PROJECT_VERSION = 1;
				DEVELOPMENT_TEAM = VN95A477VU;
				GENERATE_INFOPLIST_FILE = YES;
				INFOPLIST_FILE = "Swift-2AllForOne/Info.plist";
				INFOPLIST_KEY_UIApplicationSupportsIndirectInputEvents = YES;
				INFOPLIST_KEY_UILaunchStoryboardName = LaunchScreen;
				INFOPLIST_KEY_UIMainStoryboardFile = Main;
				INFOPLIST_KEY_UISupportedInterfaceOrientations_iPad = "UIInterfaceOrientationPortrait UIInterfaceOrientationPortraitUpsideDown UIInterfaceOrientationLandscapeLeft UIInterfaceOrientationLandscapeRight";
				INFOPLIST_KEY_UISupportedInterfaceOrientations_iPhone = "UIInterfaceOrientationPortrait UIInterfaceOrientationLandscapeLeft UIInterfaceOrientationLandscapeRight";
				LD_RUNPATH_SEARCH_PATHS = (
					"$(inherited)",
					"@executable_path/Frameworks",
				);
				MARKETING_VERSION = 1.0;
				PRODUCT_BUNDLE_IDENTIFIER = "GabrielToroG.Swift-2AllForOne";
				PRODUCT_NAME = "$(TARGET_NAME)";
				SWIFT_EMIT_LOC_STRINGS = YES;
				SWIFT_VERSION = 5.0;
				TARGETED_DEVICE_FAMILY = "1,2";
			};
			name = Release;
		};
/* End XCBuildConfiguration section */

/* Begin XCConfigurationList section */
		4C8BD77528F88C5600ADDC75 /* Build configuration list for PBXProject "Swift-2AllForOne" */ = {
			isa = XCConfigurationList;
			buildConfigurations = (
				4C8BD78C28F88C5900ADDC75 /* Debug */,
				4C8BD78D28F88C5900ADDC75 /* Release */,
			);
			defaultConfigurationIsVisible = 0;
			defaultConfigurationName = Release;
		};
		4C8BD78E28F88C5900ADDC75 /* Build configuration list for PBXNativeTarget "Swift-2AllForOne" */ = {
			isa = XCConfigurationList;
			buildConfigurations = (
				4C8BD78F28F88C5900ADDC75 /* Debug */,
				4C8BD79028F88C5900ADDC75 /* Release */,
			);
			defaultConfigurationIsVisible = 0;
			defaultConfigurationName = Release;
		};
/* End XCConfigurationList section */
	};
	rootObject = 4C8BD77228F88C5600ADDC75 /* Project object */;
}
